
Microsoft Visual Studio Solution File, Format Version 12.00
# Visual Studio Version 17
VisualStudioVersion = 17.7.34202.233
MinimumVisualStudioVersion = 10.0.40219.1
Project("{FAE04EC0-301F-11D3-BF4B-00C04F79EFBC}") = "PortfolioAPI", "PortfolioAPI\PortfolioAPI.csproj", "{FE0A61FE-43D5-493C-8B4F-D028FC6726B9}"
EndProject
Project("{FAE04EC0-301F-11D3-BF4B-00C04F79EFBC}") = "GitHubService", "GitHubService\GitHubService.csproj", "{055B8BB2-6983-4E48-A6E1-349DB9202E39}"
EndProject
Global
	GlobalSection(SolutionConfigurationPlatforms) = preSolution
		Debug|Any CPU = Debug|Any CPU
		Release|Any CPU = Release|Any CPU
	EndGlobalSection
	GlobalSection(ProjectConfigurationPlatforms) = postSolution
		{FE0A61FE-43D5-493C-8B4F-D028FC6726B9}.Debug|Any CPU.ActiveCfg = Debug|Any CPU
		{FE0A61FE-43D5-493C-8B4F-D028FC6726B9}.Debug|Any CPU.Build.0 = Debug|Any CPU
		{FE0A61FE-43D5-493C-8B4F-D028FC6726B9}.Release|Any CPU.ActiveCfg = Release|Any CPU
		{FE0A61FE-43D5-493C-8B4F-D028FC6726B9}.Release|Any CPU.Build.0 = Release|Any CPU
		{055B8BB2-6983-4E48-A6E1-349DB9202E39}.Debug|Any CPU.ActiveCfg = Debug|Any CPU
		{055B8BB2-6983-4E48-A6E1-349DB9202E39}.Debug|Any CPU.Build.0 = Debug|Any CPU
		{055B8BB2-6983-4E48-A6E1-349DB9202E39}.Release|Any CPU.ActiveCfg = Release|Any CPU
		{055B8BB2-6983-4E48-A6E1-349DB9202E39}.Release|Any CPU.Build.0 = Release|Any CPU
	EndGlobalSection
	GlobalSection(SolutionProperties) = preSolution
		HideSolutionNode = FALSE
	EndGlobalSection
	GlobalSection(ExtensibilityGlobals) = postSolution
		SolutionGuid = {B5BC7A3E-4325-495C-BB18-520400182974}
	EndGlobalSection
EndGlobal
